
Microsoft Visual Studio Solution File, Format Version 12.00
# Visual Studio 15
VisualStudioVersion = 15.0.28307.168
MinimumVisualStudioVersion = 10.0.40219.1
Project("{FAE04EC0-301F-11D3-BF4B-00C04F79EFBC}") = "plexserverapi", "plexserverapi\plexserverapi.csproj", "{72E8D92A-7F96-477D-BA75-D5C1095408B8}"
EndProject
Project("{FAE04EC0-301F-11D3-BF4B-00C04F79EFBC}") = "TestApp", "TestApp\TestApp.csproj", "{7AC45ED6-FDC2-41EB-AB02-220692ABD732}"
EndProject
Global
	GlobalSection(SolutionConfigurationPlatforms) = preSolution
		Debug|Any CPU = Debug|Any CPU
		Release|Any CPU = Release|Any CPU
	EndGlobalSection
	GlobalSection(ProjectConfigurationPlatforms) = postSolution
		{72E8D92A-7F96-477D-BA75-D5C1095408B8}.Debug|Any CPU.ActiveCfg = Debug|Any CPU
		{72E8D92A-7F96-477D-BA75-D5C1095408B8}.Debug|Any CPU.Build.0 = Debug|Any CPU
		{72E8D92A-7F96-477D-BA75-D5C1095408B8}.Release|Any CPU.ActiveCfg = Release|Any CPU
		{72E8D92A-7F96-477D-BA75-D5C1095408B8}.Release|Any CPU.Build.0 = Release|Any CPU
		{7AC45ED6-FDC2-41EB-AB02-220692ABD732}.Debug|Any CPU.ActiveCfg = Debug|Any CPU
		{7AC45ED6-FDC2-41EB-AB02-220692ABD732}.Debug|Any CPU.Build.0 = Debug|Any CPU
		{7AC45ED6-FDC2-41EB-AB02-220692ABD732}.Release|Any CPU.ActiveCfg = Release|Any CPU
		{7AC45ED6-FDC2-41EB-AB02-220692ABD732}.Release|Any CPU.Build.0 = Release|Any CPU
	EndGlobalSection
	GlobalSection(SolutionProperties) = preSolution
		HideSolutionNode = FALSE
	EndGlobalSection
	GlobalSection(ExtensibilityGlobals) = postSolution
		SolutionGuid = {3D3E02CC-70C9-4E5E-8B6A-49B4809447C2}
	EndGlobalSection
EndGlobal
